<?xml version="1.0" encoding="UTF-8" standalone="yes" ?>
<CodeBlocks_project_file>
	<FileVersion major="1" minor="6" />
	<Project>
		<Option title="tp7" />
		<Option pch_mode="2" />
		<Option compiler="gcc" />
		<Build>
			<Target title="Debug">
				<Option output="bin/Debug/tp7" prefix_auto="1" extension_auto="1" />
				<Option object_output="obj/Debug/" />
				<Option type="1" />
				<Option compiler="gcc" />
				<Compiler>
					<Add option="-g" />
				</Compiler>
			</Target>
		</Build>
		<Compiler>
			<Add option="-Wall" />
			<Add option="-fexceptions" />
		</Compiler>
		<Unit filename="Carre.cpp" />
		<Unit filename="Carre.h" />
		<Unit filename="CaseACocher.cpp" />
		<Unit filename="CaseACocher.h" />
		<Unit filename="CaseAvecTexte.cpp" />
		<Unit filename="CaseAvecTexte.h" />
		<Unit filename="Couleur.cpp" />
		<Unit filename="Couleur.h" />
		<Unit filename="FenGrille.cpp" />
		<Unit filename="FenGrille.h" />
		<Unit filename="Fenetre.cpp" />
		<Unit filename="Fenetre.h" />
		<Unit filename="Image.cpp" />
		<Unit filename="Image.h" />
		<Unit filename="Souris.cpp" />
		<Unit filename="Souris.h" />
		<Unit filename="tp7-exo3.cpp" />
		<Extensions>
			<code_completion />
			<envvars />
			<debugger />
			<lib_finder disable_auto="1">
				<lib name="gtk+-2.0" />
			</lib_finder>
		</Extensions>
	</Project>
</CodeBlocks_project_file>
